// !$*UTF8*$!
{
	archiveVersion = 1;
	classes = {
	};
	objectVersion = 56;
	objects = {

/* Begin PBXBuildFile section */
		8D3FA9452B7FD5AF00F659F0 /* ComposableArchitecture in Frameworks */ = {isa = PBXBuildFile; productRef = 8D3FA9442B7FD5AF00F659F0 /* ComposableArchitecture */; };
		8D3FA94C2B7FD63C00F659F0 /* PhoneFeature.swift in Sources */ = {isa = PBXBuildFile; fileRef = 8D3FA94B2B7FD63C00F659F0 /* PhoneFeature.swift */; };
		8D3FA94E2B7FD83900F659F0 /* PasteboardProtocol.swift in Sources */ = {isa = PBXBuildFile; fileRef = 8D3FA94D2B7FD83900F659F0 /* PasteboardProtocol.swift */; };
		8D8368F92B7EA66800C09405 /* CustomTextFieldStyle.swift in Sources */ = {isa = PBXBuildFile; fileRef = 8D8368F82B7EA66800C09405 /* CustomTextFieldStyle.swift */; };
		8D9DDF382B7D75A10000C661 /* ZapLinkApp.swift in Sources */ = {isa = PBXBuildFile; fileRef = 8D9DDF372B7D75A10000C661 /* ZapLinkApp.swift */; };
		8D9DDF3A2B7D75A10000C661 /* PhoneView.swift in Sources */ = {isa = PBXBuildFile; fileRef = 8D9DDF392B7D75A10000C661 /* PhoneView.swift */; };
		8D9DDF3C2B7D75A60000C661 /* Assets.xcassets in Resources */ = {isa = PBXBuildFile; fileRef = 8D9DDF3B2B7D75A60000C661 /* Assets.xcassets */; };
		8D9DDF402B7D75A60000C661 /* Preview Assets.xcassets in Resources */ = {isa = PBXBuildFile; fileRef = 8D9DDF3F2B7D75A60000C661 /* Preview Assets.xcassets */; };
		8D9DDF4A2B7D75A70000C661 /* PhoneFeatureTests.swift in Sources */ = {isa = PBXBuildFile; fileRef = 8D9DDF492B7D75A70000C661 /* PhoneFeatureTests.swift */; };
		8DC558032B7FFE29003E33CB /* PasteboardMock.swift in Sources */ = {isa = PBXBuildFile; fileRef = 8DC558022B7FFE29003E33CB /* PasteboardMock.swift */; };
/* End PBXBuildFile section */

/* Begin PBXContainerItemProxy section */
		8D9DDF462B7D75A70000C661 /* PBXContainerItemProxy */ = {
			isa = PBXContainerItemProxy;
			containerPortal = 8D9DDF2C2B7D75A00000C661 /* Project object */;
			proxyType = 1;
			remoteGlobalIDString = 8D9DDF332B7D75A10000C661;
			remoteInfo = ZapLink;
		};
/* End PBXContainerItemProxy section */

/* Begin PBXFileReference section */
		8D3FA94B2B7FD63C00F659F0 /* PhoneFeature.swift */ = {isa = PBXFileReference; lastKnownFileType = sourcecode.swift; path = PhoneFeature.swift; sourceTree = "<group>"; };
		8D3FA94D2B7FD83900F659F0 /* PasteboardProtocol.swift */ = {isa = PBXFileReference; lastKnownFileType = sourcecode.swift; path = PasteboardProtocol.swift; sourceTree = "<group>"; };
		8D8368F82B7EA66800C09405 /* CustomTextFieldStyle.swift */ = {isa = PBXFileReference; lastKnownFileType = sourcecode.swift; path = CustomTextFieldStyle.swift; sourceTree = "<group>"; };
		8D8368FA2B7EB99400C09405 /* Info.plist */ = {isa = PBXFileReference; lastKnownFileType = text.plist.xml; path = Info.plist; sourceTree = "<group>"; };
		8D9DDF342B7D75A10000C661 /* ZapLink.app */ = {isa = PBXFileReference; explicitFileType = wrapper.application; includeInIndex = 0; path = ZapLink.app; sourceTree = BUILT_PRODUCTS_DIR; };
		8D9DDF372B7D75A10000C661 /* ZapLinkApp.swift */ = {isa = PBXFileReference; lastKnownFileType = sourcecode.swift; path = ZapLinkApp.swift; sourceTree = "<group>"; };
		8D9DDF392B7D75A10000C661 /* PhoneView.swift */ = {isa = PBXFileReference; lastKnownFileType = sourcecode.swift; path = PhoneView.swift; sourceTree = "<group>"; };
		8D9DDF3B2B7D75A60000C661 /* Assets.xcassets */ = {isa = PBXFileReference; lastKnownFileType = folder.assetcatalog; path = Assets.xcassets; sourceTree = "<group>"; };
		8D9DDF3D2B7D75A60000C661 /* ZapLink.entitlements */ = {isa = PBXFileReference; lastKnownFileType = text.plist.entitlements; path = ZapLink.entitlements; sourceTree = "<group>"; };
		8D9DDF3F2B7D75A60000C661 /* Preview Assets.xcassets */ = {isa = PBXFileReference; lastKnownFileType = folder.assetcatalog; path = "Preview Assets.xcassets"; sourceTree = "<group>"; };
		8D9DDF452B7D75A70000C661 /* ZapLinkTests.xctest */ = {isa = PBXFileReference; explicitFileType = wrapper.cfbundle; includeInIndex = 0; path = ZapLinkTests.xctest; sourceTree = BUILT_PRODUCTS_DIR; };
		8D9DDF492B7D75A70000C661 /* PhoneFeatureTests.swift */ = {isa = PBXFileReference; lastKnownFileType = sourcecode.swift; path = PhoneFeatureTests.swift; sourceTree = "<group>"; };
		8DC558002B7FF5E1003E33CB /* ZapLink.xctestplan */ = {isa = PBXFileReference; lastKnownFileType = text; path = ZapLink.xctestplan; sourceTree = "<group>"; };
		8DC558022B7FFE29003E33CB /* PasteboardMock.swift */ = {isa = PBXFileReference; lastKnownFileType = sourcecode.swift; path = PasteboardMock.swift; sourceTree = "<group>"; };
/* End PBXFileReference section */

/* Begin PBXFrameworksBuildPhase section */
		8D9DDF312B7D75A10000C661 /* Frameworks */ = {
			isa = PBXFrameworksBuildPhase;
			buildActionMask = 2147483647;
			files = (
				8D3FA9452B7FD5AF00F659F0 /* ComposableArchitecture in Frameworks */,
			);
			runOnlyForDeploymentPostprocessing = 0;
		};
		8D9DDF422B7D75A70000C661 /* Frameworks */ = {
			isa = PBXFrameworksBuildPhase;
			buildActionMask = 2147483647;
			files = (
			);
			runOnlyForDeploymentPostprocessing = 0;
		};
/* End PBXFrameworksBuildPhase section */

/* Begin PBXGroup section */
		8D3FA9462B7FD5E900F659F0 /* Features */ = {
			isa = PBXGroup;
			children = (
				8D3FA9472B7FD5EF00F659F0 /* Phone */,
			);
			path = Features;
			sourceTree = "<group>";
		};
		8D3FA9472B7FD5EF00F659F0 /* Phone */ = {
			isa = PBXGroup;
			children = (
				8D9DDF392B7D75A10000C661 /* PhoneView.swift */,
				8D3FA94B2B7FD63C00F659F0 /* PhoneFeature.swift */,
			);
			path = Phone;
			sourceTree = "<group>";
		};
		8D3FA9482B7FD5F700F659F0 /* Resources */ = {
			isa = PBXGroup;
			children = (
				8D8368FA2B7EB99400C09405 /* Info.plist */,
				8D9DDF3B2B7D75A60000C661 /* Assets.xcassets */,
				8D9DDF3D2B7D75A60000C661 /* ZapLink.entitlements */,
				8D9DDF3E2B7D75A60000C661 /* Preview Content */,
			);
			path = Resources;
			sourceTree = "<group>";
		};
		8D3FA9492B7FD60D00F659F0 /* Utils */ = {
			isa = PBXGroup;
			children = (
				8D3FA94A2B7FD61500F659F0 /* UI */,
			);
			path = Utils;
			sourceTree = "<group>";
		};
		8D3FA94A2B7FD61500F659F0 /* UI */ = {
			isa = PBXGroup;
			children = (
				8D8368F82B7EA66800C09405 /* CustomTextFieldStyle.swift */,
				8D3FA94D2B7FD83900F659F0 /* PasteboardProtocol.swift */,
			);
			path = UI;
			sourceTree = "<group>";
		};
		8D9DDF2B2B7D75A00000C661 = {
			isa = PBXGroup;
			children = (
				8D9DDF362B7D75A10000C661 /* ZapLink */,
				8D9DDF482B7D75A70000C661 /* ZapLinkTests */,
				8D9DDF352B7D75A10000C661 /* Products */,
			);
			sourceTree = "<group>";
		};
		8D9DDF352B7D75A10000C661 /* Products */ = {
			isa = PBXGroup;
			children = (
				8D9DDF342B7D75A10000C661 /* ZapLink.app */,
				8D9DDF452B7D75A70000C661 /* ZapLinkTests.xctest */,
			);
			name = Products;
			sourceTree = "<group>";
		};
		8D9DDF362B7D75A10000C661 /* ZapLink */ = {
			isa = PBXGroup;
			children = (
				8D9DDF372B7D75A10000C661 /* ZapLinkApp.swift */,
				8D3FA9462B7FD5E900F659F0 /* Features */,
				8D3FA9492B7FD60D00F659F0 /* Utils */,
				8D3FA9482B7FD5F700F659F0 /* Resources */,
			);
			path = ZapLink;
			sourceTree = "<group>";
		};
		8D9DDF3E2B7D75A60000C661 /* Preview Content */ = {
			isa = PBXGroup;
			children = (
				8D9DDF3F2B7D75A60000C661 /* Preview Assets.xcassets */,
			);
			path = "Preview Content";
			sourceTree = "<group>";
		};
		8D9DDF482B7D75A70000C661 /* ZapLinkTests */ = {
			isa = PBXGroup;
			children = (
				8DC558002B7FF5E1003E33CB /* ZapLink.xctestplan */,
				8DC557FE2B7FF5A9003E33CB /* Features */,
			);
			path = ZapLinkTests;
			sourceTree = "<group>";
		};
		8DC557FE2B7FF5A9003E33CB /* Features */ = {
			isa = PBXGroup;
			children = (
				8DC557FF2B7FF5B6003E33CB /* Phone */,
			);
			path = Features;
			sourceTree = "<group>";
		};
		8DC557FF2B7FF5B6003E33CB /* Phone */ = {
			isa = PBXGroup;
			children = (
				8DC558012B7FFE17003E33CB /* Doubles */,
				8D9DDF492B7D75A70000C661 /* PhoneFeatureTests.swift */,
			);
			path = Phone;
			sourceTree = "<group>";
		};
		8DC558012B7FFE17003E33CB /* Doubles */ = {
			isa = PBXGroup;
			children = (
				8DC558022B7FFE29003E33CB /* PasteboardMock.swift */,
			);
			path = Doubles;
			sourceTree = "<group>";
		};
/* End PBXGroup section */

/* Begin PBXNativeTarget section */
		8D9DDF332B7D75A10000C661 /* ZapLink */ = {
			isa = PBXNativeTarget;
			buildConfigurationList = 8D9DDF592B7D75A70000C661 /* Build configuration list for PBXNativeTarget "ZapLink" */;
			buildPhases = (
				8D9DDF302B7D75A10000C661 /* Sources */,
				8D9DDF312B7D75A10000C661 /* Frameworks */,
				8D9DDF322B7D75A10000C661 /* Resources */,
			);
			buildRules = (
			);
			dependencies = (
			);
			name = ZapLink;
			packageProductDependencies = (
				8D3FA9442B7FD5AF00F659F0 /* ComposableArchitecture */,
			);
			productName = ZapLink;
			productReference = 8D9DDF342B7D75A10000C661 /* ZapLink.app */;
			productType = "com.apple.product-type.application";
		};
		8D9DDF442B7D75A70000C661 /* ZapLinkTests */ = {
			isa = PBXNativeTarget;
			buildConfigurationList = 8D9DDF5C2B7D75A70000C661 /* Build configuration list for PBXNativeTarget "ZapLinkTests" */;
			buildPhases = (
				8D9DDF412B7D75A70000C661 /* Sources */,
				8D9DDF422B7D75A70000C661 /* Frameworks */,
				8D9DDF432B7D75A70000C661 /* Resources */,
			);
			buildRules = (
			);
			dependencies = (
				8D9DDF472B7D75A70000C661 /* PBXTargetDependency */,
			);
			name = ZapLinkTests;
			productName = ZapLinkTests;
			productReference = 8D9DDF452B7D75A70000C661 /* ZapLinkTests.xctest */;
			productType = "com.apple.product-type.bundle.unit-test";
		};
/* End PBXNativeTarget section */

/* Begin PBXProject section */
		8D9DDF2C2B7D75A00000C661 /* Project object */ = {
			isa = PBXProject;
			attributes = {
				BuildIndependentTargetsInParallel = 1;
				LastSwiftUpdateCheck = 1520;
				LastUpgradeCheck = 2620;
				TargetAttributes = {
					8D9DDF332B7D75A10000C661 = {
						CreatedOnToolsVersion = 15.2;
					};
					8D9DDF442B7D75A70000C661 = {
						CreatedOnToolsVersion = 15.2;
						TestTargetID = 8D9DDF332B7D75A10000C661;
					};
				};
			};
			buildConfigurationList = 8D9DDF2F2B7D75A00000C661 /* Build configuration list for PBXProject "ZapLink" */;
			compatibilityVersion = "Xcode 14.0";
			developmentRegion = en;
			hasScannedForEncodings = 0;
			knownRegions = (
				en,
				Base,
			);
			mainGroup = 8D9DDF2B2B7D75A00000C661;
			packageReferences = (
				8D3FA9432B7FD5AF00F659F0 /* XCRemoteSwiftPackageReference "swift-composable-architecture" */,
			);
			productRefGroup = 8D9DDF352B7D75A10000C661 /* Products */;
			projectDirPath = "";
			projectRoot = "";
			targets = (
				8D9DDF332B7D75A10000C661 /* ZapLink */,
				8D9DDF442B7D75A70000C661 /* ZapLinkTests */,
			);
		};
/* End PBXProject section */

/* Begin PBXResourcesBuildPhase section */
		8D9DDF322B7D75A10000C661 /* Resources */ = {
			isa = PBXResourcesBuildPhase;
			buildActionMask = 2147483647;
			files = (
				8D9DDF402B7D75A60000C661 /* Preview Assets.xcassets in Resources */,
				8D9DDF3C2B7D75A60000C661 /* Assets.xcassets in Resources */,
			);
			runOnlyForDeploymentPostprocessing = 0;
		};
		8D9DDF432B7D75A70000C661 /* Resources */ = {
			isa = PBXResourcesBuildPhase;
			buildActionMask = 2147483647;
			files = (
			);
			runOnlyForDeploymentPostprocessing = 0;
		};
/* End PBXResourcesBuildPhase section */

/* Begin PBXSourcesBuildPhase section */
		8D9DDF302B7D75A10000C661 /* Sources */ = {
			isa = PBXSourcesBuildPhase;
			buildActionMask = 2147483647;
			files = (
				8D9DDF3A2B7D75A10000C661 /* PhoneView.swift in Sources */,
				8D3FA94E2B7FD83900F659F0 /* PasteboardProtocol.swift in Sources */,
				8D9DDF382B7D75A10000C661 /* ZapLinkApp.swift in Sources */,
				8D8368F92B7EA66800C09405 /* CustomTextFieldStyle.swift in Sources */,
				8D3FA94C2B7FD63C00F659F0 /* PhoneFeature.swift in Sources */,
			);
			runOnlyForDeploymentPostprocessing = 0;
		};
		8D9DDF412B7D75A70000C661 /* Sources */ = {
			isa = PBXSourcesBuildPhase;
			buildActionMask = 2147483647;
			files = (
				8DC558032B7FFE29003E33CB /* PasteboardMock.swift in Sources */,
				8D9DDF4A2B7D75A70000C661 /* PhoneFeatureTests.swift in Sources */,
			);
			runOnlyForDeploymentPostprocessing = 0;
		};
/* End PBXSourcesBuildPhase section */

/* Begin PBXTargetDependency section */
		8D9DDF472B7D75A70000C661 /* PBXTargetDependency */ = {
			isa = PBXTargetDependency;
			platformFilter = ios;
			target = 8D9DDF332B7D75A10000C661 /* ZapLink */;
			targetProxy = 8D9DDF462B7D75A70000C661 /* PBXContainerItemProxy */;
		};
/* End PBXTargetDependency section */

/* Begin XCBuildConfiguration section */
		8D9DDF572B7D75A70000C661 /* Debug */ = {
			isa = XCBuildConfiguration;
			buildSettings = {
				ALWAYS_SEARCH_USER_PATHS = NO;
				ASSETCATALOG_COMPILER_GENERATE_SWIFT_ASSET_SYMBOL_EXTENSIONS = YES;
				CLANG_ANALYZER_NONNULL = YES;
				CLANG_ANALYZER_NUMBER_OBJECT_CONVERSION = YES_AGGRESSIVE;
				CLANG_CXX_LANGUAGE_STANDARD = "gnu++20";
				CLANG_ENABLE_MODULES = YES;
				CLANG_ENABLE_OBJC_ARC = YES;
				CLANG_ENABLE_OBJC_WEAK = YES;
				CLANG_WARN_BLOCK_CAPTURE_AUTORELEASING = YES;
				CLANG_WARN_BOOL_CONVERSION = YES;
				CLANG_WARN_COMMA = YES;
				CLANG_WARN_CONSTANT_CONVERSION = YES;
				CLANG_WARN_DEPRECATED_OBJC_IMPLEMENTATIONS = YES;
				CLANG_WARN_DIRECT_OBJC_ISA_USAGE = YES_ERROR;
				CLANG_WARN_DOCUMENTATION_COMMENTS = YES;
				CLANG_WARN_EMPTY_BODY = YES;
				CLANG_WARN_ENUM_CONVERSION = YES;
				CLANG_WARN_INFINITE_RECURSION = YES;
				CLANG_WARN_INT_CONVERSION = YES;
				CLANG_WARN_NON_LITERAL_NULL_CONVERSION = YES;
				CLANG_WARN_OBJC_IMPLICIT_RETAIN_SELF = YES;
				CLANG_WARN_OBJC_LITERAL_CONVERSION = YES;
				CLANG_WARN_OBJC_ROOT_CLASS = YES_ERROR;
				CLANG_WARN_QUOTED_INCLUDE_IN_FRAMEWORK_HEADER = YES;
				CLANG_WARN_RANGE_LOOP_ANALYSIS = YES;
				CLANG_WARN_STRICT_PROTOTYPES = YES;
				CLANG_WARN_SUSPICIOUS_MOVE = YES;
				CLANG_WARN_UNGUARDED_AVAILABILITY = YES_AGGRESSIVE;
				CLANG_WARN_UNREACHABLE_CODE = YES;
				CLANG_WARN__DUPLICATE_METHOD_MATCH = YES;
				COPY_PHASE_STRIP = NO;
				DEAD_CODE_STRIPPING = YES;
				DEBUG_INFORMATION_FORMAT = dwarf;
				DEVELOPMENT_TEAM = M5JX3UJK7Q;
				ENABLE_STRICT_OBJC_MSGSEND = YES;
				ENABLE_TESTABILITY = YES;
				ENABLE_USER_SCRIPT_SANDBOXING = YES;
				GCC_C_LANGUAGE_STANDARD = gnu17;
				GCC_DYNAMIC_NO_PIC = NO;
				GCC_NO_COMMON_BLOCKS = YES;
				GCC_OPTIMIZATION_LEVEL = 0;
				GCC_PREPROCESSOR_DEFINITIONS = (
					"DEBUG=1",
					"$(inherited)",
				);
				GCC_WARN_64_TO_32_BIT_CONVERSION = YES;
				GCC_WARN_ABOUT_RETURN_TYPE = YES_ERROR;
				GCC_WARN_UNDECLARED_SELECTOR = YES;
				GCC_WARN_UNINITIALIZED_AUTOS = YES_AGGRESSIVE;
				GCC_WARN_UNUSED_FUNCTION = YES;
				GCC_WARN_UNUSED_VARIABLE = YES;
				LOCALIZATION_PREFERS_STRING_CATALOGS = YES;
				MTL_ENABLE_DEBUG_INFO = INCLUDE_SOURCE;
				MTL_FAST_MATH = YES;
				ONLY_ACTIVE_ARCH = YES;
				STRING_CATALOG_GENERATE_SYMBOLS = YES;
				SWIFT_ACTIVE_COMPILATION_CONDITIONS = "DEBUG $(inherited)";
				SWIFT_OPTIMIZATION_LEVEL = "-Onone";
			};
			name = Debug;
		};
		8D9DDF582B7D75A70000C661 /* Release */ = {
			isa = XCBuildConfiguration;
			buildSettings = {
				ALWAYS_SEARCH_USER_PATHS = NO;
				ASSETCATALOG_COMPILER_GENERATE_SWIFT_ASSET_SYMBOL_EXTENSIONS = YES;
				CLANG_ANALYZER_NONNULL = YES;
				CLANG_ANALYZER_NUMBER_OBJECT_CONVERSION = YES_AGGRESSIVE;
				CLANG_CXX_LANGUAGE_STANDARD = "gnu++20";
				CLANG_ENABLE_MODULES = YES;
				CLANG_ENABLE_OBJC_ARC = YES;
				CLANG_ENABLE_OBJC_WEAK = YES;
				CLANG_WARN_BLOCK_CAPTURE_AUTORELEASING = YES;
				CLANG_WARN_BOOL_CONVERSION = YES;
				CLANG_WARN_COMMA = YES;
				CLANG_WARN_CONSTANT_CONVERSION = YES;
				CLANG_WARN_DEPRECATED_OBJC_IMPLEMENTATIONS = YES;
				CLANG_WARN_DIRECT_OBJC_ISA_USAGE = YES_ERROR;
				CLANG_WARN_DOCUMENTATION_COMMENTS = YES;
				CLANG_WARN_EMPTY_BODY = YES;
				CLANG_WARN_ENUM_CONVERSION = YES;
				CLANG_WARN_INFINITE_RECURSION = YES;
				CLANG_WARN_INT_CONVERSION = YES;
				CLANG_WARN_NON_LITERAL_NULL_CONVERSION = YES;
				CLANG_WARN_OBJC_IMPLICIT_RETAIN_SELF = YES;
				CLANG_WARN_OBJC_LITERAL_CONVERSION = YES;
				CLANG_WARN_OBJC_ROOT_CLASS = YES_ERROR;
				CLANG_WARN_QUOTED_INCLUDE_IN_FRAMEWORK_HEADER = YES;
				CLANG_WARN_RANGE_LOOP_ANALYSIS = YES;
				CLANG_WARN_STRICT_PROTOTYPES = YES;
				CLANG_WARN_SUSPICIOUS_MOVE = YES;
				CLANG_WARN_UNGUARDED_AVAILABILITY = YES_AGGRESSIVE;
				CLANG_WARN_UNREACHABLE_CODE = YES;
				CLANG_WARN__DUPLICATE_METHOD_MATCH = YES;
				COPY_PHASE_STRIP = NO;
				DEAD_CODE_STRIPPING = YES;
				DEBUG_INFORMATION_FORMAT = "dwarf-with-dsym";
				DEVELOPMENT_TEAM = M5JX3UJK7Q;
				ENABLE_NS_ASSERTIONS = NO;
				ENABLE_STRICT_OBJC_MSGSEND = YES;
				ENABLE_USER_SCRIPT_SANDBOXING = YES;
				GCC_C_LANGUAGE_STANDARD = gnu17;
				GCC_NO_COMMON_BLOCKS = YES;
				GCC_WARN_64_TO_32_BIT_CONVERSION = YES;
				GCC_WARN_ABOUT_RETURN_TYPE = YES_ERROR;
				GCC_WARN_UNDECLARED_SELECTOR = YES;
				GCC_WARN_UNINITIALIZED_AUTOS = YES_AGGRESSIVE;
				GCC_WARN_UNUSED_FUNCTION = YES;
				GCC_WARN_UNUSED_VARIABLE = YES;
				LOCALIZATION_PREFERS_STRING_CATALOGS = YES;
				MTL_ENABLE_DEBUG_INFO = NO;
				MTL_FAST_MATH = YES;
				STRING_CATALOG_GENERATE_SYMBOLS = YES;
				SWIFT_COMPILATION_MODE = wholemodule;
			};
			name = Release;
		};
		8D9DDF5A2B7D75A70000C661 /* Debug */ = {
			isa = XCBuildConfiguration;
			buildSettings = {
				ASSETCATALOG_COMPILER_APPICON_NAME = AppIcon;
				ASSETCATALOG_COMPILER_GLOBAL_ACCENT_COLOR_NAME = AccentColor;
				CODE_SIGN_ENTITLEMENTS = ZapLink/Resources/ZapLink.entitlements;
				CODE_SIGN_STYLE = Automatic;
				CURRENT_PROJECT_VERSION = 1;
				DEAD_CODE_STRIPPING = YES;
				DEVELOPMENT_ASSET_PATHS = "ZapLink/Resources/Preview\\ Content/Preview\\ Assets.xcassets";
				ENABLE_APP_SANDBOX = YES;
				ENABLE_HARDENED_RUNTIME = YES;
				ENABLE_PREVIEWS = YES;
				ENABLE_USER_SELECTED_FILES = readonly;
				GENERATE_INFOPLIST_FILE = YES;
				INFOPLIST_FILE = ZapLink/Resources/Info.plist;
				"INFOPLIST_KEY_UIApplicationSceneManifest_Generation[sdk=iphoneos*]" = YES;
				"INFOPLIST_KEY_UIApplicationSceneManifest_Generation[sdk=iphonesimulator*]" = YES;
				"INFOPLIST_KEY_UIApplicationSupportsIndirectInputEvents[sdk=iphoneos*]" = YES;
				"INFOPLIST_KEY_UIApplicationSupportsIndirectInputEvents[sdk=iphonesimulator*]" = YES;
				"INFOPLIST_KEY_UILaunchScreen_Generation[sdk=iphoneos*]" = YES;
				"INFOPLIST_KEY_UILaunchScreen_Generation[sdk=iphonesimulator*]" = YES;
				"INFOPLIST_KEY_UIStatusBarStyle[sdk=iphoneos*]" = UIStatusBarStyleDefault;
				"INFOPLIST_KEY_UIStatusBarStyle[sdk=iphonesimulator*]" = UIStatusBarStyleDefault;
				INFOPLIST_KEY_UISupportedInterfaceOrientations_iPad = "UIInterfaceOrientationPortrait UIInterfaceOrientationPortraitUpsideDown UIInterfaceOrientationLandscapeLeft UIInterfaceOrientationLandscapeRight";
				INFOPLIST_KEY_UISupportedInterfaceOrientations_iPhone = "UIInterfaceOrientationPortrait UIInterfaceOrientationLandscapeLeft UIInterfaceOrientationLandscapeRight";
				IPHONEOS_DEPLOYMENT_TARGET = 16.6;
				LD_RUNPATH_SEARCH_PATHS = "@executable_path/Frameworks";
				"LD_RUNPATH_SEARCH_PATHS[sdk=macosx*]" = "@executable_path/../Frameworks";
				MACOSX_DEPLOYMENT_TARGET = 13.5;
				MARKETING_VERSION = 1.0;
				PRODUCT_BUNDLE_IDENTIFIER = com.marcos.ZapLink;
				PRODUCT_NAME = "$(TARGET_NAME)";
				SDKROOT = auto;
				SUPPORTED_PLATFORMS = "iphoneos iphonesimulator";
				SUPPORTS_MACCATALYST = NO;
				SWIFT_EMIT_LOC_STRINGS = YES;
				SWIFT_VERSION = 5.0;
				TARGETED_DEVICE_FAMILY = "1,2";
			};
			name = Debug;
		};
		8D9DDF5B2B7D75A70000C661 /* Release */ = {
			isa = XCBuildConfiguration;
			buildSettings = {
				ASSETCATALOG_COMPILER_APPICON_NAME = AppIcon;
				ASSETCATALOG_COMPILER_GLOBAL_ACCENT_COLOR_NAME = AccentColor;
				CODE_SIGN_ENTITLEMENTS = ZapLink/Resources/ZapLink.entitlements;
				CODE_SIGN_STYLE = Automatic;
				CURRENT_PROJECT_VERSION = 1;
				DEAD_CODE_STRIPPING = YES;
				DEVELOPMENT_ASSET_PATHS = "ZapLink/Resources/Preview\\ Content/Preview\\ Assets.xcassets";
				ENABLE_APP_SANDBOX = YES;
				ENABLE_HARDENED_RUNTIME = YES;
				ENABLE_PREVIEWS = YES;
				ENABLE_USER_SELECTED_FILES = readonly;
				GENERATE_INFOPLIST_FILE = YES;
				INFOPLIST_FILE = ZapLink/Resources/Info.plist;
				"INFOPLIST_KEY_UIApplicationSceneManifest_Generation[sdk=iphoneos*]" = YES;
				"INFOPLIST_KEY_UIApplicationSceneManifest_Generation[sdk=iphonesimulator*]" = YES;
				"INFOPLIST_KEY_UIApplicationSupportsIndirectInputEvents[sdk=iphoneos*]" = YES;
				"INFOPLIST_KEY_UIApplicationSupportsIndirectInputEvents[sdk=iphonesimulator*]" = YES;
				"INFOPLIST_KEY_UILaunchScreen_Generation[sdk=iphoneos*]" = YES;
				"INFOPLIST_KEY_UILaunchScreen_Generation[sdk=iphonesimulator*]" = YES;
				"INFOPLIST_KEY_UIStatusBarStyle[sdk=iphoneos*]" = UIStatusBarStyleDefault;
				"INFOPLIST_KEY_UIStatusBarStyle[sdk=iphonesimulator*]" = UIStatusBarStyleDefault;
				INFOPLIST_KEY_UISupportedInterfaceOrientations_iPad = "UIInterfaceOrientationPortrait UIInterfaceOrientationPortraitUpsideDown UIInterfaceOrientationLandscapeLeft UIInterfaceOrientationLandscapeRight";
				INFOPLIST_KEY_UISupportedInterfaceOrientations_iPhone = "UIInterfaceOrientationPortrait UIInterfaceOrientationLandscapeLeft UIInterfaceOrientationLandscapeRight";
				IPHONEOS_DEPLOYMENT_TARGET = 16.6;
				LD_RUNPATH_SEARCH_PATHS = "@executable_path/Frameworks";
				"LD_RUNPATH_SEARCH_PATHS[sdk=macosx*]" = "@executable_path/../Frameworks";
				MACOSX_DEPLOYMENT_TARGET = 13.5;
				MARKETING_VERSION = 1.0;
				PRODUCT_BUNDLE_IDENTIFIER = com.marcos.ZapLink;
				PRODUCT_NAME = "$(TARGET_NAME)";
				SDKROOT = auto;
				SUPPORTED_PLATFORMS = "iphoneos iphonesimulator";
				SUPPORTS_MACCATALYST = NO;
				SWIFT_EMIT_LOC_STRINGS = YES;
				SWIFT_VERSION = 5.0;
				TARGETED_DEVICE_FAMILY = "1,2";
			};
			name = Release;
		};
		8D9DDF5D2B7D75A70000C661 /* Debug */ = {
			isa = XCBuildConfiguration;
			buildSettings = {
				BUNDLE_LOADER = "$(TEST_HOST)";
				CODE_SIGN_STYLE = Automatic;
				CURRENT_PROJECT_VERSION = 1;
				DEAD_CODE_STRIPPING = YES;
				GENERATE_INFOPLIST_FILE = YES;
				IPHONEOS_DEPLOYMENT_TARGET = 16.6;
				MACOSX_DEPLOYMENT_TARGET = 13.5;
				MARKETING_VERSION = 1.0;
				PRODUCT_BUNDLE_IDENTIFIER = com.marcos.ZapLinkTests;
				PRODUCT_NAME = "$(TARGET_NAME)";
				SDKROOT = auto;
				SUPPORTED_PLATFORMS = "iphoneos iphonesimulator";
				SUPPORTS_MACCATALYST = NO;
				SWIFT_EMIT_LOC_STRINGS = NO;
				SWIFT_VERSION = 5.0;
				TARGETED_DEVICE_FAMILY = "1,2";
				TEST_HOST = "$(BUILT_PRODUCTS_DIR)/ZapLink.app/$(BUNDLE_EXECUTABLE_FOLDER_PATH)/ZapLink";
			};
			name = Debug;
		};
		8D9DDF5E2B7D75A70000C661 /* Release */ = {
			isa = XCBuildConfiguration;
			buildSettings = {
				BUNDLE_LOADER = "$(TEST_HOST)";
				CODE_SIGN_STYLE = Automatic;
				CURRENT_PROJECT_VERSION = 1;
				DEAD_CODE_STRIPPING = YES;
				GENERATE_INFOPLIST_FILE = YES;
				IPHONEOS_DEPLOYMENT_TARGET = 16.6;
				MACOSX_DEPLOYMENT_TARGET = 13.5;
				MARKETING_VERSION = 1.0;
				PRODUCT_BUNDLE_IDENTIFIER = com.marcos.ZapLinkTests;
				PRODUCT_NAME = "$(TARGET_NAME)";
				SDKROOT = auto;
				SUPPORTED_PLATFORMS = "iphoneos iphonesimulator";
				SUPPORTS_MACCATALYST = NO;
				SWIFT_EMIT_LOC_STRINGS = NO;
				SWIFT_VERSION = 5.0;
				TARGETED_DEVICE_FAMILY = "1,2";
				TEST_HOST = "$(BUILT_PRODUCTS_DIR)/ZapLink.app/$(BUNDLE_EXECUTABLE_FOLDER_PATH)/ZapLink";
			};
			name = Release;
		};
/* End XCBuildConfiguration section */

/* Begin XCConfigurationList section */
		8D9DDF2F2B7D75A00000C661 /* Build configuration list for PBXProject "ZapLink" */ = {
			isa = XCConfigurationList;
			buildConfigurations = (
				8D9DDF572B7D75A70000C661 /* Debug */,
				8D9DDF582B7D75A70000C661 /* Release */,
			);
			defaultConfigurationIsVisible = 0;
			defaultConfigurationName = Release;
		};
		8D9DDF592B7D75A70000C661 /* Build configuration list for PBXNativeTarget "ZapLink" */ = {
			isa = XCConfigurationList;
			buildConfigurations = (
				8D9DDF5A2B7D75A70000C661 /* Debug */,
				8D9DDF5B2B7D75A70000C661 /* Release */,
			);
			defaultConfigurationIsVisible = 0;
			defaultConfigurationName = Release;
		};
		8D9DDF5C2B7D75A70000C661 /* Build configuration list for PBXNativeTarget "ZapLinkTests" */ = {
			isa = XCConfigurationList;
			buildConfigurations = (
				8D9DDF5D2B7D75A70000C661 /* Debug */,
				8D9DDF5E2B7D75A70000C661 /* Release */,
			);
			defaultConfigurationIsVisible = 0;
			defaultConfigurationName = Release;
		};
/* End XCConfigurationList section */

/* Begin XCRemoteSwiftPackageReference section */
		8D3FA9432B7FD5AF00F659F0 /* XCRemoteSwiftPackageReference "swift-composable-architecture" */ = {
			isa = XCRemoteSwiftPackageReference;
			repositoryURL = "git@github.com:pointfreeco/swift-composable-architecture.git";
			requirement = {
				kind = upToNextMajorVersion;
				minimumVersion = 1.8.0;
			};
		};
/* End XCRemoteSwiftPackageReference section */

/* Begin XCSwiftPackageProductDependency section */
		8D3FA9442B7FD5AF00F659F0 /* ComposableArchitecture */ = {
			isa = XCSwiftPackageProductDependency;
			package = 8D3FA9432B7FD5AF00F659F0 /* XCRemoteSwiftPackageReference "swift-composable-architecture" */;
			productName = ComposableArchitecture;
		};
/* End XCSwiftPackageProductDependency section */
	};
	rootObject = 8D9DDF2C2B7D75A00000C661 /* Project object */;
}
